
Microsoft Visual Studio Solution File, Format Version 12.00
Project("{FAE04EC0-301F-11D3-BF4B-00C04F79EFBC}") = "RPN_ScriptWriter", "RPN_ScriptWriter\RPN_ScriptWriter.csproj", "{050753E4-FB5B-45AE-BFCF-6EB0180AB2B3}"
EndProject
Global
	GlobalSection(SolutionConfigurationPlatforms) = preSolution
		Debug|Any CPU = Debug|Any CPU
		Release|Any CPU = Release|Any CPU
	EndGlobalSection
	GlobalSection(ProjectConfigurationPlatforms) = postSolution
		{050753E4-FB5B-45AE-BFCF-6EB0180AB2B3}.Debug|Any CPU.ActiveCfg = Debug|Any CPU
		{050753E4-FB5B-45AE-BFCF-6EB0180AB2B3}.Debug|Any CPU.Build.0 = Debug|Any CPU
		{050753E4-FB5B-45AE-BFCF-6EB0180AB2B3}.Release|Any CPU.ActiveCfg = Release|Any CPU
		{050753E4-FB5B-45AE-BFCF-6EB0180AB2B3}.Release|Any CPU.Build.0 = Release|Any CPU
	EndGlobalSection
EndGlobal
